
Microsoft Visual Studio Solution File, Format Version 12.00
# Visual Studio 15
VisualStudioVersion = 15.0.26403.7
MinimumVisualStudioVersion = 10.0.40219.1
Project("{FAE04EC0-301F-11D3-BF4B-00C04F79EFBC}") = "PANWebApp", "PANWebApp\PANWebApp.csproj", "{BF755FBD-7644-4B83-A81E-05855EF8AE0E}"
EndProject
Project("{FAE04EC0-301F-11D3-BF4B-00C04F79EFBC}") = "PANWebApp.DAL", "PANWebApp.DAL\PANWebApp.DAL.csproj", "{0674169A-6572-4E43-80FF-5476C798350F}"
EndProject
Project("{F184B08F-C81C-45F6-A57F-5ABD9991F28F}") = "JavaScript", "JavaScript\JavaScript.vbproj", "{1E1DB42A-F26A-4FF1-B5E6-79B2B0CE5F2A}"
EndProject
Global
	GlobalSection(SolutionConfigurationPlatforms) = preSolution
		Debug|Any CPU = Debug|Any CPU
		Release|Any CPU = Release|Any CPU
	EndGlobalSection
	GlobalSection(ProjectConfigurationPlatforms) = postSolution
		{BF755FBD-7644-4B83-A81E-05855EF8AE0E}.Debug|Any CPU.ActiveCfg = Debug|Any CPU
		{BF755FBD-7644-4B83-A81E-05855EF8AE0E}.Debug|Any CPU.Build.0 = Debug|Any CPU
		{BF755FBD-7644-4B83-A81E-05855EF8AE0E}.Release|Any CPU.ActiveCfg = Release|Any CPU
		{BF755FBD-7644-4B83-A81E-05855EF8AE0E}.Release|Any CPU.Build.0 = Release|Any CPU
		{0674169A-6572-4E43-80FF-5476C798350F}.Debug|Any CPU.ActiveCfg = Debug|Any CPU
		{0674169A-6572-4E43-80FF-5476C798350F}.Debug|Any CPU.Build.0 = Debug|Any CPU
		{0674169A-6572-4E43-80FF-5476C798350F}.Release|Any CPU.ActiveCfg = Release|Any CPU
		{0674169A-6572-4E43-80FF-5476C798350F}.Release|Any CPU.Build.0 = Release|Any CPU
		{1E1DB42A-F26A-4FF1-B5E6-79B2B0CE5F2A}.Debug|Any CPU.ActiveCfg = Debug|Any CPU
		{1E1DB42A-F26A-4FF1-B5E6-79B2B0CE5F2A}.Debug|Any CPU.Build.0 = Debug|Any CPU
		{1E1DB42A-F26A-4FF1-B5E6-79B2B0CE5F2A}.Release|Any CPU.ActiveCfg = Release|Any CPU
		{1E1DB42A-F26A-4FF1-B5E6-79B2B0CE5F2A}.Release|Any CPU.Build.0 = Release|Any CPU
	EndGlobalSection
	GlobalSection(SolutionProperties) = preSolution
		HideSolutionNode = FALSE
	EndGlobalSection
EndGlobal
